<?xml version="1.0" encoding="utf-8"?>
<Project ToolsVersion="4.0" xmlns="http://schemas.microsoft.com/developer/msbuild/2003">
  <ItemGroup>
    <Filter Include="Source Files">
      <UniqueIdentifier>{4FC737F1-C7A5-4376-A066-2A32D752A2FF}</UniqueIdentifier>
      <Extensions>cpp;c;cc;cxx;c++;cppm;ixx;def;odl;idl;hpj;bat;asm;asmx</Extensions>
    </Filter>
    <Filter Include="Header Files">
      <UniqueIdentifier>{93995380-89BD-4b04-88EB-625FBE52EBFB}</UniqueIdentifier>
      <Extensions>h;hh;hpp;hxx;h++;hm;inl;inc;ipp;xsd</Extensions>
    </Filter>
    <Filter Include="Resource Files">
      <UniqueIdentifier>{67DA6AB6-F800-4c08-8B7A-83BB121AAD01}</UniqueIdentifier>
      <Extensions>rc;ico;cur;bmp;dlg;rc2;rct;bin;rgs;gif;jpg;jpeg;jpe;resx;tiff;tif;png;wav;mfcribbon-ms</Extensions>
    </Filter>
    <Filter Include="Header Files\AudioManager.h">
      <UniqueIdentifier>{c5eff403-aef5-4450-a5ed-797b3beb5592}</UniqueIdentifier>
    </Filter>
    <Filter Include="Header Files\Camera">
      <UniqueIdentifier>{7794c430-5105-49ca-bd92-6c02dd8c1d4b}</UniqueIdentifier>
    </Filter>
    <Filter Include="Header Files\Physics">
      <UniqueIdentifier>{2bb04efc-9845-4261-b4ee-5789bce83c71}</UniqueIdentifier>
    </Filter>
    <Filter Include="Header Files\Models and Design">
      <UniqueIdentifier>{6f3d8830-081d-4322-a182-7bece51b3b0a}</UniqueIdentifier>
    </Filter>
    <Filter Include="Header Files\ProgramLoader">
      <UniqueIdentifier>{b74c01fd-5846-4511-8be3-89d4d4253bb6}</UniqueIdentifier>
    </Filter>
    <Filter Include="Header Files\GUI">
      <UniqueIdentifier>{e83654a8-9558-48a6-b310-b9b92497b444}</UniqueIdentifier>
    </Filter>
    <Filter Include="Header Files\Player">
      <UniqueIdentifier>{e61d5ec5-0889-4def-b54b-f6cecff858ee}</UniqueIdentifier>
    </Filter>
    <Filter Include="Source Files\AudioManager">
      <UniqueIdentifier>{e705e77f-ae76-4528-89e8-8980c41e7903}</UniqueIdentifier>
    </Filter>
    <Filter Include="Source Files\Physics">
      <UniqueIdentifier>{69f1b08c-0a8d-446d-ae93-d78ff094bd4b}</UniqueIdentifier>
    </Filter>
    <Filter Include="Source Files\ProgramLoader">
      <UniqueIdentifier>{df4f38fe-037d-45c7-849a-47aab7b69ff8}</UniqueIdentifier>
    </Filter>
    <Filter Include="Source Files\Models and Design">
      <UniqueIdentifier>{37ab5f8e-8dfa-4257-84d9-30cf2928f941}</UniqueIdentifier>
    </Filter>
    <Filter Include="Source Files\GUI">
      <UniqueIdentifier>{11646c2a-dac5-4a0f-bef0-f4bc83e23a2a}</UniqueIdentifier>
    </Filter>
    <Filter Include="Source Files\Player Input">
      <UniqueIdentifier>{9b960cf9-e6d4-4f41-80bb-5b32b9809f56}</UniqueIdentifier>
    </Filter>
  </ItemGroup>
  <ItemGroup>
    <ClCompile Include="AudioManager.cpp">
      <Filter>Source Files\AudioManager</Filter>
    </ClCompile>
    <ClCompile Include="Collider.cpp">
      <Filter>Source Files\Physics</Filter>
    </ClCompile>
    <ClCompile Include="Physics.cpp">
      <Filter>Source Files\Physics</Filter>
    </ClCompile>
    <ClCompile Include="Graphics.cpp">
      <Filter>Source Files\ProgramLoader</Filter>
    </ClCompile>
    <ClCompile Include="Engine.cpp">
      <Filter>Source Files\ProgramLoader</Filter>
    </ClCompile>
    <ClCompile Include="Main.cpp">
      <Filter>Source Files\ProgramLoader</Filter>
    </ClCompile>
    <ClCompile Include="ModelLoader.cpp">
      <Filter>Source Files\Models and Design</Filter>
    </ClCompile>
    <ClCompile Include="RenderObjects.cpp">
      <Filter>Source Files\Models and Design</Filter>
    </ClCompile>
    <ClCompile Include="vector3.cpp">
      <Filter>Source Files\Models and Design</Filter>
    </ClCompile>
    <ClCompile Include="Color.cpp">
      <Filter>Source Files\Models and Design</Filter>
    </ClCompile>
    <ClCompile Include="Text.cpp">
      <Filter>Source Files\GUI</Filter>
    </ClCompile>
    <ClCompile Include="Text3D.cpp">
      <Filter>Source Files\GUI</Filter>
    </ClCompile>
    <ClCompile Include="ImageLoader.cpp">
      <Filter>Source Files\GUI</Filter>
    </ClCompile>
    <ClCompile Include="Input.cpp">
      <Filter>Source Files\Player Input</Filter>
    </ClCompile>
  </ItemGroup>
  <ItemGroup>
    <ClInclude Include="AudioManager.h">
      <Filter>Header Files\AudioManager.h</Filter>
    </ClInclude>
    <ClInclude Include="Camera.h">
      <Filter>Header Files\Camera</Filter>
    </ClInclude>
    <ClInclude Include="Camera2.h">
      <Filter>Header Files\Camera</Filter>
    </ClInclude>
    <ClInclude Include="Physics.h">
      <Filter>Header Files\Physics</Filter>
    </ClInclude>
    <ClInclude Include="Collider.h">
      <Filter>Header Files\Physics</Filter>
    </ClInclude>
    <ClInclude Include="vector3.h">
      <Filter>Header Files\Models and Design</Filter>
    </ClInclude>
    <ClInclude Include="resource.h">
      <Filter>Header Files\Models and Design</Filter>
    </ClInclude>
    <ClInclude Include="RenderObjects.h">
      <Filter>Header Files\Models and Design</Filter>
    </ClInclude>
    <ClInclude Include="ModelLoader.h">
      <Filter>Header Files\Models and Design</Filter>
    </ClInclude>
    <ClInclude Include="ModelData.h">
      <Filter>Header Files\Models and Design</Filter>
    </ClInclude>
    <ClInclude Include="Color.h">
      <Filter>Header Files\Models and Design</Filter>
    </ClInclude>
    <ClInclude Include="Graphics.h">
      <Filter>Header Files\ProgramLoader</Filter>
    </ClInclude>
    <ClInclude Include="Engine.h">
      <Filter>Header Files\ProgramLoader</Filter>
    </ClInclude>
    <ClInclude Include="ImageLoader.h">
      <Filter>Header Files\GUI</Filter>
    </ClInclude>
    <ClInclude Include="Text.h">
      <Filter>Header Files\GUI</Filter>
    </ClInclude>
    <ClInclude Include="Text3D.h">
      <Filter>Header Files\GUI</Filter>
    </ClInclude>
    <ClInclude Include="Input.h">
      <Filter>Header Files\Player</Filter>
    </ClInclude>
    <ClInclude Include="Player.h">
      <Filter>Header Files\Player</Filter>
    </ClInclude>
  </ItemGroup>
  <ItemGroup>
    <Media Include="Majula.wav">
      <Filter>Resource Files</Filter>
    </Media>
  </ItemGroup>
</Project>